
Microsoft Visual Studio Solution File, Format Version 12.00
# Visual Studio Version 17
VisualStudioVersion = 17.11.35222.181
MinimumVisualStudioVersion = 10.0.40219.1
Project("{FAE04EC0-301F-11D3-BF4B-00C04F79EFBC}") = "Foody", "Foody.csproj", "{45A84622-9229-441D-864E-4441A53A71E3}"
EndProject
Global
	GlobalSection(SolutionConfigurationPlatforms) = preSolution
		Debug|Any CPU = Debug|Any CPU
		Release|Any CPU = Release|Any CPU
	EndGlobalSection
	GlobalSection(ProjectConfigurationPlatforms) = postSolution
		{45A84622-9229-441D-864E-4441A53A71E3}.Debug|Any CPU.ActiveCfg = Debug|Any CPU
		{45A84622-9229-441D-864E-4441A53A71E3}.Debug|Any CPU.Build.0 = Debug|Any CPU
		{45A84622-9229-441D-864E-4441A53A71E3}.Release|Any CPU.ActiveCfg = Release|Any CPU
		{45A84622-9229-441D-864E-4441A53A71E3}.Release|Any CPU.Build.0 = Release|Any CPU
	EndGlobalSection
	GlobalSection(SolutionProperties) = preSolution
		HideSolutionNode = FALSE
	EndGlobalSection
	GlobalSection(ExtensibilityGlobals) = postSolution
		SolutionGuid = {74F6B619-4827-497A-B874-A12A73F6A11F}
	EndGlobalSection
EndGlobal
